{
  "nodes": {
    "custom-pkgs": {
      "inputs": {
        "nixpkgs": [
          "nixpkgs"
        ]
      },
      "locked": {
        "lastModified": 1735839636,
        "narHash": "sha256-G4cw9iaFy0SqifiMgB94fGPjSuJVxFLDyJuSyhwKSko=",
        "owner": "toodeluna",
        "repo": "pkgs",
        "rev": "16355a91b460f217da290a76164229c7ef2c944c",
        "type": "github"
      },
      "original": {
        "owner": "toodeluna",
        "repo": "pkgs",
        "type": "github"
      }
    },
    "home-manager": {
      "inputs": {
        "nixpkgs": [
          "nixpkgs"
        ]
      },
      "locked": {
        "lastModified": 1735900408,
        "narHash": "sha256-U+oZBQ3f5fF2hHsupKQH4ihgTKLHgcJh6jEmKDg+W10=",
        "owner": "nix-community",
        "repo": "home-manager",
        "rev": "1c8d4c8d592e8fab4cff4397db5529ec6f078cf9",
        "type": "github"
      },
      "original": {
        "owner": "nix-community",
        "repo": "home-manager",
        "type": "github"
      }
    },
    "nixpkgs": {
      "locked": {
        "lastModified": 1735471104,
        "narHash": "sha256-0q9NGQySwDQc7RhAV2ukfnu7Gxa5/ybJ2ANT8DQrQrs=",
        "owner": "nixos",
        "repo": "nixpkgs",
        "rev": "88195a94f390381c6afcdaa933c2f6ff93959cb4",
        "type": "github"
      },
      "original": {
        "owner": "nixos",
        "ref": "nixos-unstable",
        "repo": "nixpkgs",
        "type": "github"
      }
    },
    "root": {
      "inputs": {
        "custom-pkgs": "custom-pkgs",
        "home-manager": "home-manager",
        "nixpkgs": "nixpkgs",
        "zen-browser": "zen-browser"
      }
    },
    "zen-browser": {
      "inputs": {
        "nixpkgs": [
          "nixpkgs"
        ]
      },
      "locked": {
        "lastModified": 1735881391,
        "narHash": "sha256-T9N1q8YWn9MnIqUpm0+p/kAqktfSoeKfyOTZiXQoNPU=",
        "owner": "0xc000022070",
        "repo": "zen-browser-flake",
        "rev": "4a48a5c007863df58d1586f96010a6d4bde99f69",
        "type": "github"
      },
      "original": {
        "owner": "0xc000022070",
        "repo": "zen-browser-flake",
        "type": "github"
      }
    }
  },
  "root": "root",
  "version": 7
}
